
Microsoft Visual Studio Solution File, Format Version 12.00
# Visual Studio 15
VisualStudioVersion = 15.0.28010.2050
MinimumVisualStudioVersion = 10.0.40219.1
Project("{FAE04EC0-301F-11D3-BF4B-00C04F79EFBC}") = "Project", "Project\Project.csproj", "{D44B181A-4B65-4E08-A322-6A92E5EDDE5B}"
EndProject
Project("{FAE04EC0-301F-11D3-BF4B-00C04F79EFBC}") = "LibraryShapes", "LibraryShapes\LibraryShapes.csproj", "{A8FA12EC-2A54-4C78-8F58-8288924B7967}"
EndProject
Global
	GlobalSection(SolutionConfigurationPlatforms) = preSolution
		Debug|Any CPU = Debug|Any CPU
		Release|Any CPU = Release|Any CPU
	EndGlobalSection
	GlobalSection(ProjectConfigurationPlatforms) = postSolution
		{D44B181A-4B65-4E08-A322-6A92E5EDDE5B}.Debug|Any CPU.ActiveCfg = Debug|Any CPU
		{D44B181A-4B65-4E08-A322-6A92E5EDDE5B}.Debug|Any CPU.Build.0 = Debug|Any CPU
		{D44B181A-4B65-4E08-A322-6A92E5EDDE5B}.Release|Any CPU.ActiveCfg = Release|Any CPU
		{D44B181A-4B65-4E08-A322-6A92E5EDDE5B}.Release|Any CPU.Build.0 = Release|Any CPU
		{A8FA12EC-2A54-4C78-8F58-8288924B7967}.Debug|Any CPU.ActiveCfg = Debug|Any CPU
		{A8FA12EC-2A54-4C78-8F58-8288924B7967}.Debug|Any CPU.Build.0 = Debug|Any CPU
		{A8FA12EC-2A54-4C78-8F58-8288924B7967}.Release|Any CPU.ActiveCfg = Release|Any CPU
		{A8FA12EC-2A54-4C78-8F58-8288924B7967}.Release|Any CPU.Build.0 = Release|Any CPU
	EndGlobalSection
	GlobalSection(SolutionProperties) = preSolution
		HideSolutionNode = FALSE
	EndGlobalSection
	GlobalSection(ExtensibilityGlobals) = postSolution
		SolutionGuid = {CFB20263-92E0-4E6E-B9EB-D8D691832353}
	EndGlobalSection
EndGlobal
